
Microsoft Visual Studio Solution File, Format Version 12.00
# Visual Studio 2012
Project("{FAE04EC0-301F-11D3-BF4B-00C04F79EFBC}") = "VocabExpress", "VocabExpress\VocabExpress.csproj", "{AAED1B43-6185-4547-8B8C-2302B05E2666}"
EndProject
Global
	GlobalSection(SolutionConfigurationPlatforms) = preSolution
		Debug|Any CPU = Debug|Any CPU
		Release|Any CPU = Release|Any CPU
	EndGlobalSection
	GlobalSection(ProjectConfigurationPlatforms) = postSolution
		{AAED1B43-6185-4547-8B8C-2302B05E2666}.Debug|Any CPU.ActiveCfg = Debug|Any CPU
		{AAED1B43-6185-4547-8B8C-2302B05E2666}.Debug|Any CPU.Build.0 = Debug|Any CPU
		{AAED1B43-6185-4547-8B8C-2302B05E2666}.Release|Any CPU.ActiveCfg = Release|Any CPU
		{AAED1B43-6185-4547-8B8C-2302B05E2666}.Release|Any CPU.Build.0 = Release|Any CPU
	EndGlobalSection
	GlobalSection(SolutionProperties) = preSolution
		HideSolutionNode = FALSE
	EndGlobalSection
EndGlobal
